
Microsoft Visual Studio Solution File, Format Version 12.00
# Visual Studio Version 17
VisualStudioVersion = 17.12.35521.163 d17.12
MinimumVisualStudioVersion = 10.0.40219.1
Project("{2150E333-8FDC-42A3-9474-1A3956D46DE8}") = "솔루션 항목", "솔루션 항목", "{7018B1B7-C593-408F-8BBA-CE6C2E2D2CF3}"
	ProjectSection(SolutionItems) = preProject
		.editorconfig = .editorconfig
		Directory.Packages.props = Directory.Packages.props
	EndProjectSection
EndProject
Project("{FAE04EC0-301F-11D3-BF4B-00C04F79EFBC}") = "ProjectAme", "ProjectAme\ProjectAme.csproj", "{DEFE9A0B-59B6-461F-B69D-257E2931148D}"
EndProject
Global
	GlobalSection(SolutionConfigurationPlatforms) = preSolution
		Debug|Any CPU = Debug|Any CPU
		Release|Any CPU = Release|Any CPU
	EndGlobalSection
	GlobalSection(ProjectConfigurationPlatforms) = postSolution
		{DEFE9A0B-59B6-461F-B69D-257E2931148D}.Debug|Any CPU.ActiveCfg = Debug|Any CPU
		{DEFE9A0B-59B6-461F-B69D-257E2931148D}.Debug|Any CPU.Build.0 = Debug|Any CPU
		{DEFE9A0B-59B6-461F-B69D-257E2931148D}.Release|Any CPU.ActiveCfg = Release|Any CPU
		{DEFE9A0B-59B6-461F-B69D-257E2931148D}.Release|Any CPU.Build.0 = Release|Any CPU
	EndGlobalSection
	GlobalSection(SolutionProperties) = preSolution
		HideSolutionNode = FALSE
	EndGlobalSection
EndGlobal
