
Microsoft Visual Studio Solution File, Format Version 12.00
Project("{FAE04EC0-301F-11D3-BF4B-00C04F79EFBC}") = "ProjectAme", "ProjectAme\ProjectAme.csproj", "{DEFE9A0B-59B6-461F-B69D-257E2931148D}"
EndProject
Global
	GlobalSection(SolutionConfigurationPlatforms) = preSolution
		Debug|Any CPU = Debug|Any CPU
		Release|Any CPU = Release|Any CPU
	EndGlobalSection
	GlobalSection(ProjectConfigurationPlatforms) = postSolution
		{DEFE9A0B-59B6-461F-B69D-257E2931148D}.Debug|Any CPU.ActiveCfg = Debug|Any CPU
		{DEFE9A0B-59B6-461F-B69D-257E2931148D}.Debug|Any CPU.Build.0 = Debug|Any CPU
		{DEFE9A0B-59B6-461F-B69D-257E2931148D}.Release|Any CPU.ActiveCfg = Release|Any CPU
		{DEFE9A0B-59B6-461F-B69D-257E2931148D}.Release|Any CPU.Build.0 = Release|Any CPU
	EndGlobalSection
EndGlobal
